
Microsoft Visual Studio Solution File, Format Version 12.00
# Visual Studio Version 17
VisualStudioVersion = 17.8.34309.116
MinimumVisualStudioVersion = 10.0.40219.1
Project("{FAE04EC0-301F-11D3-BF4B-00C04F79EFBC}") = "ParkEase", "ParkEase\ParkEase.csproj", "{5A0C0330-5F2A-45DC-937F-BE251142F32C}"
EndProject
Project("{FAE04EC0-301F-11D3-BF4B-00C04F79EFBC}") = "ParkEase.Core", "ParkEase.Core\ParkEase.Core.csproj", "{4A347E8C-51C3-4049-8D6D-3221D3957262}"
EndProject
Global
	GlobalSection(SolutionConfigurationPlatforms) = preSolution
		Debug|Any CPU = Debug|Any CPU
		Release|Any CPU = Release|Any CPU
	EndGlobalSection
	GlobalSection(ProjectConfigurationPlatforms) = postSolution
		{5A0C0330-5F2A-45DC-937F-BE251142F32C}.Debug|Any CPU.ActiveCfg = Debug|Any CPU
		{5A0C0330-5F2A-45DC-937F-BE251142F32C}.Debug|Any CPU.Build.0 = Debug|Any CPU
		{5A0C0330-5F2A-45DC-937F-BE251142F32C}.Debug|Any CPU.Deploy.0 = Debug|Any CPU
		{5A0C0330-5F2A-45DC-937F-BE251142F32C}.Release|Any CPU.ActiveCfg = Release|Any CPU
		{5A0C0330-5F2A-45DC-937F-BE251142F32C}.Release|Any CPU.Build.0 = Release|Any CPU
		{5A0C0330-5F2A-45DC-937F-BE251142F32C}.Release|Any CPU.Deploy.0 = Release|Any CPU
		{4A347E8C-51C3-4049-8D6D-3221D3957262}.Debug|Any CPU.ActiveCfg = Debug|Any CPU
		{4A347E8C-51C3-4049-8D6D-3221D3957262}.Debug|Any CPU.Build.0 = Debug|Any CPU
		{4A347E8C-51C3-4049-8D6D-3221D3957262}.Release|Any CPU.ActiveCfg = Release|Any CPU
		{4A347E8C-51C3-4049-8D6D-3221D3957262}.Release|Any CPU.Build.0 = Release|Any CPU
	EndGlobalSection
	GlobalSection(SolutionProperties) = preSolution
		HideSolutionNode = FALSE
	EndGlobalSection
	GlobalSection(ExtensibilityGlobals) = postSolution
		SolutionGuid = {AA4D12AE-1676-41F8-8032-74EC0055529F}
	EndGlobalSection
EndGlobal
